// !$*UTF8*$!
{
	archiveVersion = 1;
	classes = {
	};
	objectVersion = 50;
	objects = {

/* Begin PBXBuildFile section */
		D870A409249BA61400B61CC1 /* AppDelegate.swift in Sources */ = {isa = PBXBuildFile; fileRef = D870A408249BA61400B61CC1 /* AppDelegate.swift */; };
		D870A40B249BA61400B61CC1 /* ViewController.swift in Sources */ = {isa = PBXBuildFile; fileRef = D870A40A249BA61400B61CC1 /* ViewController.swift */; };
		D870A40E249BA61400B61CC1 /* Main.storyboard in Resources */ = {isa = PBXBuildFile; fileRef = D870A40C249BA61400B61CC1 /* Main.storyboard */; };
		D870A410249BA61600B61CC1 /* Assets.xcassets in Resources */ = {isa = PBXBuildFile; fileRef = D870A40F249BA61600B61CC1 /* Assets.xcassets */; };
		D870A413249BA61600B61CC1 /* LaunchScreen.storyboard in Resources */ = {isa = PBXBuildFile; fileRef = D870A411249BA61600B61CC1 /* LaunchScreen.storyboard */; };
		D870A41C249BB10900B61CC1 /* Feed.swift in Sources */ = {isa = PBXBuildFile; fileRef = D870A41A249BB10900B61CC1 /* Feed.swift */; };
		D870A41D249BB10900B61CC1 /* FeedItem.swift in Sources */ = {isa = PBXBuildFile; fileRef = D870A41B249BB10900B61CC1 /* FeedItem.swift */; };
		D870A421249BBC5300B61CC1 /* ImageCollectionViewCell.swift in Sources */ = {isa = PBXBuildFile; fileRef = D870A420249BBC5300B61CC1 /* ImageCollectionViewCell.swift */; };
		D870A42A249BD26800B61CC1 /* ImageFeedCollectionViewController.swift in Sources */ = {isa = PBXBuildFile; fileRef = D870A428249BD26800B61CC1 /* ImageFeedCollectionViewController.swift */; };
/* End PBXBuildFile section */

/* Begin PBXFileReference section */
		D870A405249BA61400B61CC1 /* TVLesson.app */ = {isa = PBXFileReference; explicitFileType = wrapper.application; includeInIndex = 0; path = TVLesson.app; sourceTree = BUILT_PRODUCTS_DIR; };
		D870A408249BA61400B61CC1 /* AppDelegate.swift */ = {isa = PBXFileReference; lastKnownFileType = sourcecode.swift; path = AppDelegate.swift; sourceTree = "<group>"; };
		D870A40A249BA61400B61CC1 /* ViewController.swift */ = {isa = PBXFileReference; lastKnownFileType = sourcecode.swift; path = ViewController.swift; sourceTree = "<group>"; };
		D870A40D249BA61400B61CC1 /* Base */ = {isa = PBXFileReference; lastKnownFileType = file.storyboard; name = Base; path = Base.lproj/Main.storyboard; sourceTree = "<group>"; };
		D870A40F249BA61600B61CC1 /* Assets.xcassets */ = {isa = PBXFileReference; lastKnownFileType = folder.assetcatalog; path = Assets.xcassets; sourceTree = "<group>"; };
		D870A412249BA61600B61CC1 /* Base */ = {isa = PBXFileReference; lastKnownFileType = file.storyboard; name = Base; path = Base.lproj/LaunchScreen.storyboard; sourceTree = "<group>"; };
		D870A414249BA61600B61CC1 /* Info.plist */ = {isa = PBXFileReference; lastKnownFileType = text.plist.xml; path = Info.plist; sourceTree = "<group>"; };
		D870A41A249BB10900B61CC1 /* Feed.swift */ = {isa = PBXFileReference; fileEncoding = 4; lastKnownFileType = sourcecode.swift; path = Feed.swift; sourceTree = "<group>"; };
		D870A41B249BB10900B61CC1 /* FeedItem.swift */ = {isa = PBXFileReference; fileEncoding = 4; lastKnownFileType = sourcecode.swift; path = FeedItem.swift; sourceTree = "<group>"; };
		D870A420249BBC5300B61CC1 /* ImageCollectionViewCell.swift */ = {isa = PBXFileReference; fileEncoding = 4; lastKnownFileType = sourcecode.swift; path = ImageCollectionViewCell.swift; sourceTree = "<group>"; };
		D870A428249BD26800B61CC1 /* ImageFeedCollectionViewController.swift */ = {isa = PBXFileReference; fileEncoding = 4; lastKnownFileType = sourcecode.swift; path = ImageFeedCollectionViewController.swift; sourceTree = "<group>"; };
/* End PBXFileReference section */

/* Begin PBXFrameworksBuildPhase section */
		D870A402249BA61400B61CC1 /* Frameworks */ = {
			isa = PBXFrameworksBuildPhase;
			buildActionMask = 2147483647;
			files = (
			);
			runOnlyForDeploymentPostprocessing = 0;
		};
/* End PBXFrameworksBuildPhase section */

/* Begin PBXGroup section */
		D870A3FC249BA61400B61CC1 = {
			isa = PBXGroup;
			children = (
				D870A407249BA61400B61CC1 /* TVLesson */,
				D870A406249BA61400B61CC1 /* Products */,
			);
			sourceTree = "<group>";
		};
		D870A406249BA61400B61CC1 /* Products */ = {
			isa = PBXGroup;
			children = (
				D870A405249BA61400B61CC1 /* TVLesson.app */,
			);
			name = Products;
			sourceTree = "<group>";
		};
		D870A407249BA61400B61CC1 /* TVLesson */ = {
			isa = PBXGroup;
			children = (
				D870A408249BA61400B61CC1 /* AppDelegate.swift */,
				D870A41A249BB10900B61CC1 /* Feed.swift */,
				D870A41B249BB10900B61CC1 /* FeedItem.swift */,
				D870A420249BBC5300B61CC1 /* ImageCollectionViewCell.swift */,
				D870A428249BD26800B61CC1 /* ImageFeedCollectionViewController.swift */,
				D870A40A249BA61400B61CC1 /* ViewController.swift */,
				D870A40C249BA61400B61CC1 /* Main.storyboard */,
				D870A40F249BA61600B61CC1 /* Assets.xcassets */,
				D870A411249BA61600B61CC1 /* LaunchScreen.storyboard */,
				D870A414249BA61600B61CC1 /* Info.plist */,
			);
			path = TVLesson;
			sourceTree = "<group>";
		};
/* End PBXGroup section */

/* Begin PBXNativeTarget section */
		D870A404249BA61400B61CC1 /* TVLesson */ = {
			isa = PBXNativeTarget;
			buildConfigurationList = D870A417249BA61600B61CC1 /* Build configuration list for PBXNativeTarget "TVLesson" */;
			buildPhases = (
				D870A401249BA61400B61CC1 /* Sources */,
				D870A402249BA61400B61CC1 /* Frameworks */,
				D870A403249BA61400B61CC1 /* Resources */,
			);
			buildRules = (
			);
			dependencies = (
			);
			name = TVLesson;
			productName = TVLesson;
			productReference = D870A405249BA61400B61CC1 /* TVLesson.app */;
			productType = "com.apple.product-type.application";
		};
/* End PBXNativeTarget section */

/* Begin PBXProject section */
		D870A3FD249BA61400B61CC1 /* Project object */ = {
			isa = PBXProject;
			attributes = {
				LastSwiftUpdateCheck = 1150;
				LastUpgradeCheck = 1150;
				ORGANIZATIONNAME = yeuchi;
				TargetAttributes = {
					D870A404249BA61400B61CC1 = {
						CreatedOnToolsVersion = 11.5;
					};
				};
			};
			buildConfigurationList = D870A400249BA61400B61CC1 /* Build configuration list for PBXProject "TVLesson" */;
			compatibilityVersion = "Xcode 9.3";
			developmentRegion = en;
			hasScannedForEncodings = 0;
			knownRegions = (
				en,
				Base,
			);
			mainGroup = D870A3FC249BA61400B61CC1;
			productRefGroup = D870A406249BA61400B61CC1 /* Products */;
			projectDirPath = "";
			projectRoot = "";
			targets = (
				D870A404249BA61400B61CC1 /* TVLesson */,
			);
		};
/* End PBXProject section */

/* Begin PBXResourcesBuildPhase section */
		D870A403249BA61400B61CC1 /* Resources */ = {
			isa = PBXResourcesBuildPhase;
			buildActionMask = 2147483647;
			files = (
				D870A413249BA61600B61CC1 /* LaunchScreen.storyboard in Resources */,
				D870A410249BA61600B61CC1 /* Assets.xcassets in Resources */,
				D870A40E249BA61400B61CC1 /* Main.storyboard in Resources */,
			);
			runOnlyForDeploymentPostprocessing = 0;
		};
/* End PBXResourcesBuildPhase section */

/* Begin PBXSourcesBuildPhase section */
		D870A401249BA61400B61CC1 /* Sources */ = {
			isa = PBXSourcesBuildPhase;
			buildActionMask = 2147483647;
			files = (
				D870A421249BBC5300B61CC1 /* ImageCollectionViewCell.swift in Sources */,
				D870A41D249BB10900B61CC1 /* FeedItem.swift in Sources */,
				D870A40B249BA61400B61CC1 /* ViewController.swift in Sources */,
				D870A42A249BD26800B61CC1 /* ImageFeedCollectionViewController.swift in Sources */,
				D870A41C249BB10900B61CC1 /* Feed.swift in Sources */,
				D870A409249BA61400B61CC1 /* AppDelegate.swift in Sources */,
			);
			runOnlyForDeploymentPostprocessing = 0;
		};
/* End PBXSourcesBuildPhase section */

/* Begin PBXVariantGroup section */
		D870A40C249BA61400B61CC1 /* Main.storyboard */ = {
			isa = PBXVariantGroup;
			children = (
				D870A40D249BA61400B61CC1 /* Base */,
			);
			name = Main.storyboard;
			sourceTree = "<group>";
		};
		D870A411249BA61600B61CC1 /* LaunchScreen.storyboard */ = {
			isa = PBXVariantGroup;
			children = (
				D870A412249BA61600B61CC1 /* Base */,
			);
			name = LaunchScreen.storyboard;
			sourceTree = "<group>";
		};
/* End PBXVariantGroup section */

/* Begin XCBuildConfiguration section */
		D870A415249BA61600B61CC1 /* Debug */ = {
			isa = XCBuildConfiguration;
			buildSettings = {
				ALWAYS_SEARCH_USER_PATHS = NO;
				CLANG_ANALYZER_NONNULL = YES;
				CLANG_ANALYZER_NUMBER_OBJECT_CONVERSION = YES_AGGRESSIVE;
				CLANG_CXX_LANGUAGE_STANDARD = "gnu++14";
				CLANG_CXX_LIBRARY = "libc++";
				CLANG_ENABLE_MODULES = YES;
				CLANG_ENABLE_OBJC_ARC = YES;
				CLANG_ENABLE_OBJC_WEAK = YES;
				CLANG_WARN_BLOCK_CAPTURE_AUTORELEASING = YES;
				CLANG_WARN_BOOL_CONVERSION = YES;
				CLANG_WARN_COMMA = YES;
				CLANG_WARN_CONSTANT_CONVERSION = YES;
				CLANG_WARN_DEPRECATED_OBJC_IMPLEMENTATIONS = YES;
				CLANG_WARN_DIRECT_OBJC_ISA_USAGE = YES_ERROR;
				CLANG_WARN_DOCUMENTATION_COMMENTS = YES;
				CLANG_WARN_EMPTY_BODY = YES;
				CLANG_WARN_ENUM_CONVERSION = YES;
				CLANG_WARN_INFINITE_RECURSION = YES;
				CLANG_WARN_INT_CONVERSION = YES;
				CLANG_WARN_NON_LITERAL_NULL_CONVERSION = YES;
				CLANG_WARN_OBJC_IMPLICIT_RETAIN_SELF = YES;
				CLANG_WARN_OBJC_LITERAL_CONVERSION = YES;
				CLANG_WARN_OBJC_ROOT_CLASS = YES_ERROR;
				CLANG_WARN_RANGE_LOOP_ANALYSIS = YES;
				CLANG_WARN_STRICT_PROTOTYPES = YES;
				CLANG_WARN_SUSPICIOUS_MOVE = YES;
				CLANG_WARN_UNGUARDED_AVAILABILITY = YES_AGGRESSIVE;
				CLANG_WARN_UNREACHABLE_CODE = YES;
				CLANG_WARN__DUPLICATE_METHOD_MATCH = YES;
				COPY_PHASE_STRIP = NO;
				DEBUG_INFORMATION_FORMAT = dwarf;
				ENABLE_STRICT_OBJC_MSGSEND = YES;
				ENABLE_TESTABILITY = YES;
				GCC_C_LANGUAGE_STANDARD = gnu11;
				GCC_DYNAMIC_NO_PIC = NO;
				GCC_NO_COMMON_BLOCKS = YES;
				GCC_OPTIMIZATION_LEVEL = 0;
				GCC_PREPROCESSOR_DEFINITIONS = (
					"DEBUG=1",
					"$(inherited)",
				);
				GCC_WARN_64_TO_32_BIT_CONVERSION = YES;
				GCC_WARN_ABOUT_RETURN_TYPE = YES_ERROR;
				GCC_WARN_UNDECLARED_SELECTOR = YES;
				GCC_WARN_UNINITIALIZED_AUTOS = YES_AGGRESSIVE;
				GCC_WARN_UNUSED_FUNCTION = YES;
				GCC_WARN_UNUSED_VARIABLE = YES;
				MTL_ENABLE_DEBUG_INFO = INCLUDE_SOURCE;
				MTL_FAST_MATH = YES;
				ONLY_ACTIVE_ARCH = YES;
				SDKROOT = appletvos;
				SWIFT_ACTIVE_COMPILATION_CONDITIONS = DEBUG;
				SWIFT_OPTIMIZATION_LEVEL = "-Onone";
				TVOS_DEPLOYMENT_TARGET = 13.4;
				VALIDATE_PRODUCT = YES;
			};
			name = Debug;
		};
		D870A416249BA61600B61CC1 /* Release */ = {
			isa = XCBuildConfiguration;
			buildSettings = {
				ALWAYS_SEARCH_USER_PATHS = NO;
				CLANG_ANALYZER_NONNULL = YES;
				CLANG_ANALYZER_NUMBER_OBJECT_CONVERSION = YES_AGGRESSIVE;
				CLANG_CXX_LANGUAGE_STANDARD = "gnu++14";
				CLANG_CXX_LIBRARY = "libc++";
				CLANG_ENABLE_MODULES = YES;
				CLANG_ENABLE_OBJC_ARC = YES;
				CLANG_ENABLE_OBJC_WEAK = YES;
				CLANG_WARN_BLOCK_CAPTURE_AUTORELEASING = YES;
				CLANG_WARN_BOOL_CONVERSION = YES;
				CLANG_WARN_COMMA = YES;
				CLANG_WARN_CONSTANT_CONVERSION = YES;
				CLANG_WARN_DEPRECATED_OBJC_IMPLEMENTATIONS = YES;
				CLANG_WARN_DIRECT_OBJC_ISA_USAGE = YES_ERROR;
				CLANG_WARN_DOCUMENTATION_COMMENTS = YES;
				CLANG_WARN_EMPTY_BODY = YES;
				CLANG_WARN_ENUM_CONVERSION = YES;
				CLANG_WARN_INFINITE_RECURSION = YES;
				CLANG_WARN_INT_CONVERSION = YES;
				CLANG_WARN_NON_LITERAL_NULL_CONVERSION = YES;
				CLANG_WARN_OBJC_IMPLICIT_RETAIN_SELF = YES;
				CLANG_WARN_OBJC_LITERAL_CONVERSION = YES;
				CLANG_WARN_OBJC_ROOT_CLASS = YES_ERROR;
				CLANG_WARN_RANGE_LOOP_ANALYSIS = YES;
				CLANG_WARN_STRICT_PROTOTYPES = YES;
				CLANG_WARN_SUSPICIOUS_MOVE = YES;
				CLANG_WARN_UNGUARDED_AVAILABILITY = YES_AGGRESSIVE;
				CLANG_WARN_UNREACHABLE_CODE = YES;
				CLANG_WARN__DUPLICATE_METHOD_MATCH = YES;
				COPY_PHASE_STRIP = NO;
				DEBUG_INFORMATION_FORMAT = "dwarf-with-dsym";
				ENABLE_NS_ASSERTIONS = NO;
				ENABLE_STRICT_OBJC_MSGSEND = YES;
				GCC_C_LANGUAGE_STANDARD = gnu11;
				GCC_NO_COMMON_BLOCKS = YES;
				GCC_WARN_64_TO_32_BIT_CONVERSION = YES;
				GCC_WARN_ABOUT_RETURN_TYPE = YES_ERROR;
				GCC_WARN_UNDECLARED_SELECTOR = YES;
				GCC_WARN_UNINITIALIZED_AUTOS = YES_AGGRESSIVE;
				GCC_WARN_UNUSED_FUNCTION = YES;
				GCC_WARN_UNUSED_VARIABLE = YES;
				MTL_ENABLE_DEBUG_INFO = NO;
				MTL_FAST_MATH = YES;
				SDKROOT = appletvos;
				SWIFT_COMPILATION_MODE = wholemodule;
				SWIFT_OPTIMIZATION_LEVEL = "-O";
				TVOS_DEPLOYMENT_TARGET = 13.4;
				VALIDATE_PRODUCT = NO;
			};
			name = Release;
		};
		D870A418249BA61600B61CC1 /* Debug */ = {
			isa = XCBuildConfiguration;
			buildSettings = {
				ASSETCATALOG_COMPILER_APPICON_NAME = "App Icon & Top Shelf Image";
				CODE_SIGN_STYLE = Automatic;
				DEVELOPMENT_TEAM = 95K88FL4NA;
				INFOPLIST_FILE = TVLesson/Info.plist;
				LD_RUNPATH_SEARCH_PATHS = (
					"$(inherited)",
					"@executable_path/Frameworks",
				);
				PRODUCT_BUNDLE_IDENTIFIER = com.ctyeung.TVLesson;
				PRODUCT_NAME = "$(TARGET_NAME)";
				SWIFT_VERSION = 5.0;
				TARGETED_DEVICE_FAMILY = 3;
			};
			name = Debug;
		};
		D870A419249BA61600B61CC1 /* Release */ = {
			isa = XCBuildConfiguration;
			buildSettings = {
				ASSETCATALOG_COMPILER_APPICON_NAME = "App Icon & Top Shelf Image";
				CODE_SIGN_STYLE = Automatic;
				DEVELOPMENT_TEAM = 95K88FL4NA;
				INFOPLIST_FILE = TVLesson/Info.plist;
				LD_RUNPATH_SEARCH_PATHS = (
					"$(inherited)",
					"@executable_path/Frameworks",
				);
				PRODUCT_BUNDLE_IDENTIFIER = com.ctyeung.TVLesson;
				PRODUCT_NAME = "$(TARGET_NAME)";
				SWIFT_VERSION = 5.0;
				TARGETED_DEVICE_FAMILY = 3;
			};
			name = Release;
		};
/* End XCBuildConfiguration section */

/* Begin XCConfigurationList section */
		D870A400249BA61400B61CC1 /* Build configuration list for PBXProject "TVLesson" */ = {
			isa = XCConfigurationList;
			buildConfigurations = (
				D870A415249BA61600B61CC1 /* Debug */,
				D870A416249BA61600B61CC1 /* Release */,
			);
			defaultConfigurationIsVisible = 0;
			defaultConfigurationName = Debug;
		};
		D870A417249BA61600B61CC1 /* Build configuration list for PBXNativeTarget "TVLesson" */ = {
			isa = XCConfigurationList;
			buildConfigurations = (
				D870A418249BA61600B61CC1 /* Debug */,
				D870A419249BA61600B61CC1 /* Release */,
			);
			defaultConfigurationIsVisible = 0;
			defaultConfigurationName = Debug;
		};
/* End XCConfigurationList section */
	};
	rootObject = D870A3FD249BA61400B61CC1 /* Project object */;
}
