// !$*UTF8*$!
{
	archiveVersion = 1;
	classes = {
	};
	objectVersion = 50;
	objects = {

/* Begin PBXBuildFile section */
		D809481724916746007E4FF7 /* AppDelegate.swift in Sources */ = {isa = PBXBuildFile; fileRef = D809481624916746007E4FF7 /* AppDelegate.swift */; };
		D809481924916746007E4FF7 /* SceneDelegate.swift in Sources */ = {isa = PBXBuildFile; fileRef = D809481824916746007E4FF7 /* SceneDelegate.swift */; };
		D809481B24916746007E4FF7 /* ViewController.swift in Sources */ = {isa = PBXBuildFile; fileRef = D809481A24916746007E4FF7 /* ViewController.swift */; };
		D809481E24916746007E4FF7 /* Main.storyboard in Resources */ = {isa = PBXBuildFile; fileRef = D809481C24916746007E4FF7 /* Main.storyboard */; };
		D809482024916748007E4FF7 /* Assets.xcassets in Resources */ = {isa = PBXBuildFile; fileRef = D809481F24916748007E4FF7 /* Assets.xcassets */; };
		D809482324916748007E4FF7 /* LaunchScreen.storyboard in Resources */ = {isa = PBXBuildFile; fileRef = D809482124916748007E4FF7 /* LaunchScreen.storyboard */; };
		D809482E24916748007E4FF7 /* SwiftDesignDevTests.swift in Sources */ = {isa = PBXBuildFile; fileRef = D809482D24916748007E4FF7 /* SwiftDesignDevTests.swift */; };
		D809483924916748007E4FF7 /* SwiftDesignDevUITests.swift in Sources */ = {isa = PBXBuildFile; fileRef = D809483824916748007E4FF7 /* SwiftDesignDevUITests.swift */; };
/* End PBXBuildFile section */

/* Begin PBXContainerItemProxy section */
		D809482A24916748007E4FF7 /* PBXContainerItemProxy */ = {
			isa = PBXContainerItemProxy;
			containerPortal = D809480B24916746007E4FF7 /* Project object */;
			proxyType = 1;
			remoteGlobalIDString = D809481224916746007E4FF7;
			remoteInfo = SwiftDesignDev;
		};
		D809483524916748007E4FF7 /* PBXContainerItemProxy */ = {
			isa = PBXContainerItemProxy;
			containerPortal = D809480B24916746007E4FF7 /* Project object */;
			proxyType = 1;
			remoteGlobalIDString = D809481224916746007E4FF7;
			remoteInfo = SwiftDesignDev;
		};
/* End PBXContainerItemProxy section */

/* Begin PBXFileReference section */
		D809481324916746007E4FF7 /* SwiftDesignDev.app */ = {isa = PBXFileReference; explicitFileType = wrapper.application; includeInIndex = 0; path = SwiftDesignDev.app; sourceTree = BUILT_PRODUCTS_DIR; };
		D809481624916746007E4FF7 /* AppDelegate.swift */ = {isa = PBXFileReference; lastKnownFileType = sourcecode.swift; path = AppDelegate.swift; sourceTree = "<group>"; };
		D809481824916746007E4FF7 /* SceneDelegate.swift */ = {isa = PBXFileReference; lastKnownFileType = sourcecode.swift; path = SceneDelegate.swift; sourceTree = "<group>"; };
		D809481A24916746007E4FF7 /* ViewController.swift */ = {isa = PBXFileReference; lastKnownFileType = sourcecode.swift; path = ViewController.swift; sourceTree = "<group>"; };
		D809481D24916746007E4FF7 /* Base */ = {isa = PBXFileReference; lastKnownFileType = file.storyboard; name = Base; path = Base.lproj/Main.storyboard; sourceTree = "<group>"; };
		D809481F24916748007E4FF7 /* Assets.xcassets */ = {isa = PBXFileReference; lastKnownFileType = folder.assetcatalog; path = Assets.xcassets; sourceTree = "<group>"; };
		D809482224916748007E4FF7 /* Base */ = {isa = PBXFileReference; lastKnownFileType = file.storyboard; name = Base; path = Base.lproj/LaunchScreen.storyboard; sourceTree = "<group>"; };
		D809482424916748007E4FF7 /* Info.plist */ = {isa = PBXFileReference; lastKnownFileType = text.plist.xml; path = Info.plist; sourceTree = "<group>"; };
		D809482924916748007E4FF7 /* SwiftDesignDevTests.xctest */ = {isa = PBXFileReference; explicitFileType = wrapper.cfbundle; includeInIndex = 0; path = SwiftDesignDevTests.xctest; sourceTree = BUILT_PRODUCTS_DIR; };
		D809482D24916748007E4FF7 /* SwiftDesignDevTests.swift */ = {isa = PBXFileReference; lastKnownFileType = sourcecode.swift; path = SwiftDesignDevTests.swift; sourceTree = "<group>"; };
		D809482F24916748007E4FF7 /* Info.plist */ = {isa = PBXFileReference; lastKnownFileType = text.plist.xml; path = Info.plist; sourceTree = "<group>"; };
		D809483424916748007E4FF7 /* SwiftDesignDevUITests.xctest */ = {isa = PBXFileReference; explicitFileType = wrapper.cfbundle; includeInIndex = 0; path = SwiftDesignDevUITests.xctest; sourceTree = BUILT_PRODUCTS_DIR; };
		D809483824916748007E4FF7 /* SwiftDesignDevUITests.swift */ = {isa = PBXFileReference; lastKnownFileType = sourcecode.swift; path = SwiftDesignDevUITests.swift; sourceTree = "<group>"; };
		D809483A24916748007E4FF7 /* Info.plist */ = {isa = PBXFileReference; lastKnownFileType = text.plist.xml; path = Info.plist; sourceTree = "<group>"; };
/* End PBXFileReference section */

/* Begin PBXFrameworksBuildPhase section */
		D809481024916746007E4FF7 /* Frameworks */ = {
			isa = PBXFrameworksBuildPhase;
			buildActionMask = 2147483647;
			files = (
			);
			runOnlyForDeploymentPostprocessing = 0;
		};
		D809482624916748007E4FF7 /* Frameworks */ = {
			isa = PBXFrameworksBuildPhase;
			buildActionMask = 2147483647;
			files = (
			);
			runOnlyForDeploymentPostprocessing = 0;
		};
		D809483124916748007E4FF7 /* Frameworks */ = {
			isa = PBXFrameworksBuildPhase;
			buildActionMask = 2147483647;
			files = (
			);
			runOnlyForDeploymentPostprocessing = 0;
		};
/* End PBXFrameworksBuildPhase section */

/* Begin PBXGroup section */
		D809480A24916746007E4FF7 = {
			isa = PBXGroup;
			children = (
				D809481524916746007E4FF7 /* SwiftDesignDev */,
				D809482C24916748007E4FF7 /* SwiftDesignDevTests */,
				D809483724916748007E4FF7 /* SwiftDesignDevUITests */,
				D809481424916746007E4FF7 /* Products */,
			);
			sourceTree = "<group>";
		};
		D809481424916746007E4FF7 /* Products */ = {
			isa = PBXGroup;
			children = (
				D809481324916746007E4FF7 /* SwiftDesignDev.app */,
				D809482924916748007E4FF7 /* SwiftDesignDevTests.xctest */,
				D809483424916748007E4FF7 /* SwiftDesignDevUITests.xctest */,
			);
			name = Products;
			sourceTree = "<group>";
		};
		D809481524916746007E4FF7 /* SwiftDesignDev */ = {
			isa = PBXGroup;
			children = (
				D809481624916746007E4FF7 /* AppDelegate.swift */,
				D809481824916746007E4FF7 /* SceneDelegate.swift */,
				D809481A24916746007E4FF7 /* ViewController.swift */,
				D809481C24916746007E4FF7 /* Main.storyboard */,
				D809481F24916748007E4FF7 /* Assets.xcassets */,
				D809482124916748007E4FF7 /* LaunchScreen.storyboard */,
				D809482424916748007E4FF7 /* Info.plist */,
			);
			path = SwiftDesignDev;
			sourceTree = "<group>";
		};
		D809482C24916748007E4FF7 /* SwiftDesignDevTests */ = {
			isa = PBXGroup;
			children = (
				D809482D24916748007E4FF7 /* SwiftDesignDevTests.swift */,
				D809482F24916748007E4FF7 /* Info.plist */,
			);
			path = SwiftDesignDevTests;
			sourceTree = "<group>";
		};
		D809483724916748007E4FF7 /* SwiftDesignDevUITests */ = {
			isa = PBXGroup;
			children = (
				D809483824916748007E4FF7 /* SwiftDesignDevUITests.swift */,
				D809483A24916748007E4FF7 /* Info.plist */,
			);
			path = SwiftDesignDevUITests;
			sourceTree = "<group>";
		};
/* End PBXGroup section */

/* Begin PBXNativeTarget section */
		D809481224916746007E4FF7 /* SwiftDesignDev */ = {
			isa = PBXNativeTarget;
			buildConfigurationList = D809483D24916748007E4FF7 /* Build configuration list for PBXNativeTarget "SwiftDesignDev" */;
			buildPhases = (
				D809480F24916746007E4FF7 /* Sources */,
				D809481024916746007E4FF7 /* Frameworks */,
				D809481124916746007E4FF7 /* Resources */,
			);
			buildRules = (
			);
			dependencies = (
			);
			name = SwiftDesignDev;
			productName = SwiftDesignDev;
			productReference = D809481324916746007E4FF7 /* SwiftDesignDev.app */;
			productType = "com.apple.product-type.application";
		};
		D809482824916748007E4FF7 /* SwiftDesignDevTests */ = {
			isa = PBXNativeTarget;
			buildConfigurationList = D809484024916748007E4FF7 /* Build configuration list for PBXNativeTarget "SwiftDesignDevTests" */;
			buildPhases = (
				D809482524916748007E4FF7 /* Sources */,
				D809482624916748007E4FF7 /* Frameworks */,
				D809482724916748007E4FF7 /* Resources */,
			);
			buildRules = (
			);
			dependencies = (
				D809482B24916748007E4FF7 /* PBXTargetDependency */,
			);
			name = SwiftDesignDevTests;
			productName = SwiftDesignDevTests;
			productReference = D809482924916748007E4FF7 /* SwiftDesignDevTests.xctest */;
			productType = "com.apple.product-type.bundle.unit-test";
		};
		D809483324916748007E4FF7 /* SwiftDesignDevUITests */ = {
			isa = PBXNativeTarget;
			buildConfigurationList = D809484324916748007E4FF7 /* Build configuration list for PBXNativeTarget "SwiftDesignDevUITests" */;
			buildPhases = (
				D809483024916748007E4FF7 /* Sources */,
				D809483124916748007E4FF7 /* Frameworks */,
				D809483224916748007E4FF7 /* Resources */,
			);
			buildRules = (
			);
			dependencies = (
				D809483624916748007E4FF7 /* PBXTargetDependency */,
			);
			name = SwiftDesignDevUITests;
			productName = SwiftDesignDevUITests;
			productReference = D809483424916748007E4FF7 /* SwiftDesignDevUITests.xctest */;
			productType = "com.apple.product-type.bundle.ui-testing";
		};
/* End PBXNativeTarget section */

/* Begin PBXProject section */
		D809480B24916746007E4FF7 /* Project object */ = {
			isa = PBXProject;
			attributes = {
				LastSwiftUpdateCheck = 1150;
				LastUpgradeCheck = 1150;
				ORGANIZATIONNAME = yeuchi;
				TargetAttributes = {
					D809481224916746007E4FF7 = {
						CreatedOnToolsVersion = 11.5;
					};
					D809482824916748007E4FF7 = {
						CreatedOnToolsVersion = 11.5;
						TestTargetID = D809481224916746007E4FF7;
					};
					D809483324916748007E4FF7 = {
						CreatedOnToolsVersion = 11.5;
						TestTargetID = D809481224916746007E4FF7;
					};
				};
			};
			buildConfigurationList = D809480E24916746007E4FF7 /* Build configuration list for PBXProject "SwiftDesignDev" */;
			compatibilityVersion = "Xcode 9.3";
			developmentRegion = en;
			hasScannedForEncodings = 0;
			knownRegions = (
				en,
				Base,
			);
			mainGroup = D809480A24916746007E4FF7;
			productRefGroup = D809481424916746007E4FF7 /* Products */;
			projectDirPath = "";
			projectRoot = "";
			targets = (
				D809481224916746007E4FF7 /* SwiftDesignDev */,
				D809482824916748007E4FF7 /* SwiftDesignDevTests */,
				D809483324916748007E4FF7 /* SwiftDesignDevUITests */,
			);
		};
/* End PBXProject section */

/* Begin PBXResourcesBuildPhase section */
		D809481124916746007E4FF7 /* Resources */ = {
			isa = PBXResourcesBuildPhase;
			buildActionMask = 2147483647;
			files = (
				D809482324916748007E4FF7 /* LaunchScreen.storyboard in Resources */,
				D809482024916748007E4FF7 /* Assets.xcassets in Resources */,
				D809481E24916746007E4FF7 /* Main.storyboard in Resources */,
			);
			runOnlyForDeploymentPostprocessing = 0;
		};
		D809482724916748007E4FF7 /* Resources */ = {
			isa = PBXResourcesBuildPhase;
			buildActionMask = 2147483647;
			files = (
			);
			runOnlyForDeploymentPostprocessing = 0;
		};
		D809483224916748007E4FF7 /* Resources */ = {
			isa = PBXResourcesBuildPhase;
			buildActionMask = 2147483647;
			files = (
			);
			runOnlyForDeploymentPostprocessing = 0;
		};
/* End PBXResourcesBuildPhase section */

/* Begin PBXSourcesBuildPhase section */
		D809480F24916746007E4FF7 /* Sources */ = {
			isa = PBXSourcesBuildPhase;
			buildActionMask = 2147483647;
			files = (
				D809481B24916746007E4FF7 /* ViewController.swift in Sources */,
				D809481724916746007E4FF7 /* AppDelegate.swift in Sources */,
				D809481924916746007E4FF7 /* SceneDelegate.swift in Sources */,
			);
			runOnlyForDeploymentPostprocessing = 0;
		};
		D809482524916748007E4FF7 /* Sources */ = {
			isa = PBXSourcesBuildPhase;
			buildActionMask = 2147483647;
			files = (
				D809482E24916748007E4FF7 /* SwiftDesignDevTests.swift in Sources */,
			);
			runOnlyForDeploymentPostprocessing = 0;
		};
		D809483024916748007E4FF7 /* Sources */ = {
			isa = PBXSourcesBuildPhase;
			buildActionMask = 2147483647;
			files = (
				D809483924916748007E4FF7 /* SwiftDesignDevUITests.swift in Sources */,
			);
			runOnlyForDeploymentPostprocessing = 0;
		};
/* End PBXSourcesBuildPhase section */

/* Begin PBXTargetDependency section */
		D809482B24916748007E4FF7 /* PBXTargetDependency */ = {
			isa = PBXTargetDependency;
			target = D809481224916746007E4FF7 /* SwiftDesignDev */;
			targetProxy = D809482A24916748007E4FF7 /* PBXContainerItemProxy */;
		};
		D809483624916748007E4FF7 /* PBXTargetDependency */ = {
			isa = PBXTargetDependency;
			target = D809481224916746007E4FF7 /* SwiftDesignDev */;
			targetProxy = D809483524916748007E4FF7 /* PBXContainerItemProxy */;
		};
/* End PBXTargetDependency section */

/* Begin PBXVariantGroup section */
		D809481C24916746007E4FF7 /* Main.storyboard */ = {
			isa = PBXVariantGroup;
			children = (
				D809481D24916746007E4FF7 /* Base */,
			);
			name = Main.storyboard;
			sourceTree = "<group>";
		};
		D809482124916748007E4FF7 /* LaunchScreen.storyboard */ = {
			isa = PBXVariantGroup;
			children = (
				D809482224916748007E4FF7 /* Base */,
			);
			name = LaunchScreen.storyboard;
			sourceTree = "<group>";
		};
/* End PBXVariantGroup section */

/* Begin XCBuildConfiguration section */
		D809483B24916748007E4FF7 /* Debug */ = {
			isa = XCBuildConfiguration;
			buildSettings = {
				ALWAYS_SEARCH_USER_PATHS = NO;
				CLANG_ANALYZER_NONNULL = YES;
				CLANG_ANALYZER_NUMBER_OBJECT_CONVERSION = YES_AGGRESSIVE;
				CLANG_CXX_LANGUAGE_STANDARD = "gnu++14";
				CLANG_CXX_LIBRARY = "libc++";
				CLANG_ENABLE_MODULES = YES;
				CLANG_ENABLE_OBJC_ARC = YES;
				CLANG_ENABLE_OBJC_WEAK = YES;
				CLANG_WARN_BLOCK_CAPTURE_AUTORELEASING = YES;
				CLANG_WARN_BOOL_CONVERSION = YES;
				CLANG_WARN_COMMA = YES;
				CLANG_WARN_CONSTANT_CONVERSION = YES;
				CLANG_WARN_DEPRECATED_OBJC_IMPLEMENTATIONS = YES;
				CLANG_WARN_DIRECT_OBJC_ISA_USAGE = YES_ERROR;
				CLANG_WARN_DOCUMENTATION_COMMENTS = YES;
				CLANG_WARN_EMPTY_BODY = YES;
				CLANG_WARN_ENUM_CONVERSION = YES;
				CLANG_WARN_INFINITE_RECURSION = YES;
				CLANG_WARN_INT_CONVERSION = YES;
				CLANG_WARN_NON_LITERAL_NULL_CONVERSION = YES;
				CLANG_WARN_OBJC_IMPLICIT_RETAIN_SELF = YES;
				CLANG_WARN_OBJC_LITERAL_CONVERSION = YES;
				CLANG_WARN_OBJC_ROOT_CLASS = YES_ERROR;
				CLANG_WARN_RANGE_LOOP_ANALYSIS = YES;
				CLANG_WARN_STRICT_PROTOTYPES = YES;
				CLANG_WARN_SUSPICIOUS_MOVE = YES;
				CLANG_WARN_UNGUARDED_AVAILABILITY = YES_AGGRESSIVE;
				CLANG_WARN_UNREACHABLE_CODE = YES;
				CLANG_WARN__DUPLICATE_METHOD_MATCH = YES;
				COPY_PHASE_STRIP = NO;
				DEBUG_INFORMATION_FORMAT = dwarf;
				ENABLE_STRICT_OBJC_MSGSEND = YES;
				ENABLE_TESTABILITY = YES;
				GCC_C_LANGUAGE_STANDARD = gnu11;
				GCC_DYNAMIC_NO_PIC = NO;
				GCC_NO_COMMON_BLOCKS = YES;
				GCC_OPTIMIZATION_LEVEL = 0;
				GCC_PREPROCESSOR_DEFINITIONS = (
					"DEBUG=1",
					"$(inherited)",
				);
				GCC_WARN_64_TO_32_BIT_CONVERSION = YES;
				GCC_WARN_ABOUT_RETURN_TYPE = YES_ERROR;
				GCC_WARN_UNDECLARED_SELECTOR = YES;
				GCC_WARN_UNINITIALIZED_AUTOS = YES_AGGRESSIVE;
				GCC_WARN_UNUSED_FUNCTION = YES;
				GCC_WARN_UNUSED_VARIABLE = YES;
				IPHONEOS_DEPLOYMENT_TARGET = 13.5;
				MTL_ENABLE_DEBUG_INFO = INCLUDE_SOURCE;
				MTL_FAST_MATH = YES;
				ONLY_ACTIVE_ARCH = YES;
				SDKROOT = iphoneos;
				SWIFT_ACTIVE_COMPILATION_CONDITIONS = DEBUG;
				SWIFT_OPTIMIZATION_LEVEL = "-Onone";
			};
			name = Debug;
		};
		D809483C24916748007E4FF7 /* Release */ = {
			isa = XCBuildConfiguration;
			buildSettings = {
				ALWAYS_SEARCH_USER_PATHS = NO;
				CLANG_ANALYZER_NONNULL = YES;
				CLANG_ANALYZER_NUMBER_OBJECT_CONVERSION = YES_AGGRESSIVE;
				CLANG_CXX_LANGUAGE_STANDARD = "gnu++14";
				CLANG_CXX_LIBRARY = "libc++";
				CLANG_ENABLE_MODULES = YES;
				CLANG_ENABLE_OBJC_ARC = YES;
				CLANG_ENABLE_OBJC_WEAK = YES;
				CLANG_WARN_BLOCK_CAPTURE_AUTORELEASING = YES;
				CLANG_WARN_BOOL_CONVERSION = YES;
				CLANG_WARN_COMMA = YES;
				CLANG_WARN_CONSTANT_CONVERSION = YES;
				CLANG_WARN_DEPRECATED_OBJC_IMPLEMENTATIONS = YES;
				CLANG_WARN_DIRECT_OBJC_ISA_USAGE = YES_ERROR;
				CLANG_WARN_DOCUMENTATION_COMMENTS = YES;
				CLANG_WARN_EMPTY_BODY = YES;
				CLANG_WARN_ENUM_CONVERSION = YES;
				CLANG_WARN_INFINITE_RECURSION = YES;
				CLANG_WARN_INT_CONVERSION = YES;
				CLANG_WARN_NON_LITERAL_NULL_CONVERSION = YES;
				CLANG_WARN_OBJC_IMPLICIT_RETAIN_SELF = YES;
				CLANG_WARN_OBJC_LITERAL_CONVERSION = YES;
				CLANG_WARN_OBJC_ROOT_CLASS = YES_ERROR;
				CLANG_WARN_RANGE_LOOP_ANALYSIS = YES;
				CLANG_WARN_STRICT_PROTOTYPES = YES;
				CLANG_WARN_SUSPICIOUS_MOVE = YES;
				CLANG_WARN_UNGUARDED_AVAILABILITY = YES_AGGRESSIVE;
				CLANG_WARN_UNREACHABLE_CODE = YES;
				CLANG_WARN__DUPLICATE_METHOD_MATCH = YES;
				COPY_PHASE_STRIP = NO;
				DEBUG_INFORMATION_FORMAT = "dwarf-with-dsym";
				ENABLE_NS_ASSERTIONS = NO;
				ENABLE_STRICT_OBJC_MSGSEND = YES;
				GCC_C_LANGUAGE_STANDARD = gnu11;
				GCC_NO_COMMON_BLOCKS = YES;
				GCC_WARN_64_TO_32_BIT_CONVERSION = YES;
				GCC_WARN_ABOUT_RETURN_TYPE = YES_ERROR;
				GCC_WARN_UNDECLARED_SELECTOR = YES;
				GCC_WARN_UNINITIALIZED_AUTOS = YES_AGGRESSIVE;
				GCC_WARN_UNUSED_FUNCTION = YES;
				GCC_WARN_UNUSED_VARIABLE = YES;
				IPHONEOS_DEPLOYMENT_TARGET = 13.5;
				MTL_ENABLE_DEBUG_INFO = NO;
				MTL_FAST_MATH = YES;
				SDKROOT = iphoneos;
				SWIFT_COMPILATION_MODE = wholemodule;
				SWIFT_OPTIMIZATION_LEVEL = "-O";
				VALIDATE_PRODUCT = YES;
			};
			name = Release;
		};
		D809483E24916748007E4FF7 /* Debug */ = {
			isa = XCBuildConfiguration;
			buildSettings = {
				ASSETCATALOG_COMPILER_APPICON_NAME = AppIcon;
				CODE_SIGN_STYLE = Automatic;
				DEVELOPMENT_TEAM = 95K88FL4NA;
				INFOPLIST_FILE = SwiftDesignDev/Info.plist;
				LD_RUNPATH_SEARCH_PATHS = (
					"$(inherited)",
					"@executable_path/Frameworks",
				);
				PRODUCT_BUNDLE_IDENTIFIER = com.ctyeung.SwiftDesignDev;
				PRODUCT_NAME = "$(TARGET_NAME)";
				SWIFT_VERSION = 5.0;
				TARGETED_DEVICE_FAMILY = "1,2";
			};
			name = Debug;
		};
		D809483F24916748007E4FF7 /* Release */ = {
			isa = XCBuildConfiguration;
			buildSettings = {
				ASSETCATALOG_COMPILER_APPICON_NAME = AppIcon;
				CODE_SIGN_STYLE = Automatic;
				DEVELOPMENT_TEAM = 95K88FL4NA;
				INFOPLIST_FILE = SwiftDesignDev/Info.plist;
				LD_RUNPATH_SEARCH_PATHS = (
					"$(inherited)",
					"@executable_path/Frameworks",
				);
				PRODUCT_BUNDLE_IDENTIFIER = com.ctyeung.SwiftDesignDev;
				PRODUCT_NAME = "$(TARGET_NAME)";
				SWIFT_VERSION = 5.0;
				TARGETED_DEVICE_FAMILY = "1,2";
			};
			name = Release;
		};
		D809484124916748007E4FF7 /* Debug */ = {
			isa = XCBuildConfiguration;
			buildSettings = {
				ALWAYS_EMBED_SWIFT_STANDARD_LIBRARIES = YES;
				BUNDLE_LOADER = "$(TEST_HOST)";
				CODE_SIGN_STYLE = Automatic;
				DEVELOPMENT_TEAM = 95K88FL4NA;
				INFOPLIST_FILE = SwiftDesignDevTests/Info.plist;
				IPHONEOS_DEPLOYMENT_TARGET = 13.5;
				LD_RUNPATH_SEARCH_PATHS = (
					"$(inherited)",
					"@executable_path/Frameworks",
					"@loader_path/Frameworks",
				);
				PRODUCT_BUNDLE_IDENTIFIER = com.ctyeung.SwiftDesignDevTests;
				PRODUCT_NAME = "$(TARGET_NAME)";
				SWIFT_VERSION = 5.0;
				TARGETED_DEVICE_FAMILY = "1,2";
				TEST_HOST = "$(BUILT_PRODUCTS_DIR)/SwiftDesignDev.app/SwiftDesignDev";
			};
			name = Debug;
		};
		D809484224916748007E4FF7 /* Release */ = {
			isa = XCBuildConfiguration;
			buildSettings = {
				ALWAYS_EMBED_SWIFT_STANDARD_LIBRARIES = YES;
				BUNDLE_LOADER = "$(TEST_HOST)";
				CODE_SIGN_STYLE = Automatic;
				DEVELOPMENT_TEAM = 95K88FL4NA;
				INFOPLIST_FILE = SwiftDesignDevTests/Info.plist;
				IPHONEOS_DEPLOYMENT_TARGET = 13.5;
				LD_RUNPATH_SEARCH_PATHS = (
					"$(inherited)",
					"@executable_path/Frameworks",
					"@loader_path/Frameworks",
				);
				PRODUCT_BUNDLE_IDENTIFIER = com.ctyeung.SwiftDesignDevTests;
				PRODUCT_NAME = "$(TARGET_NAME)";
				SWIFT_VERSION = 5.0;
				TARGETED_DEVICE_FAMILY = "1,2";
				TEST_HOST = "$(BUILT_PRODUCTS_DIR)/SwiftDesignDev.app/SwiftDesignDev";
			};
			name = Release;
		};
		D809484424916748007E4FF7 /* Debug */ = {
			isa = XCBuildConfiguration;
			buildSettings = {
				ALWAYS_EMBED_SWIFT_STANDARD_LIBRARIES = YES;
				CODE_SIGN_STYLE = Automatic;
				DEVELOPMENT_TEAM = 95K88FL4NA;
				INFOPLIST_FILE = SwiftDesignDevUITests/Info.plist;
				LD_RUNPATH_SEARCH_PATHS = (
					"$(inherited)",
					"@executable_path/Frameworks",
					"@loader_path/Frameworks",
				);
				PRODUCT_BUNDLE_IDENTIFIER = com.ctyeung.SwiftDesignDevUITests;
				PRODUCT_NAME = "$(TARGET_NAME)";
				SWIFT_VERSION = 5.0;
				TARGETED_DEVICE_FAMILY = "1,2";
				TEST_TARGET_NAME = SwiftDesignDev;
			};
			name = Debug;
		};
		D809484524916748007E4FF7 /* Release */ = {
			isa = XCBuildConfiguration;
			buildSettings = {
				ALWAYS_EMBED_SWIFT_STANDARD_LIBRARIES = YES;
				CODE_SIGN_STYLE = Automatic;
				DEVELOPMENT_TEAM = 95K88FL4NA;
				INFOPLIST_FILE = SwiftDesignDevUITests/Info.plist;
				LD_RUNPATH_SEARCH_PATHS = (
					"$(inherited)",
					"@executable_path/Frameworks",
					"@loader_path/Frameworks",
				);
				PRODUCT_BUNDLE_IDENTIFIER = com.ctyeung.SwiftDesignDevUITests;
				PRODUCT_NAME = "$(TARGET_NAME)";
				SWIFT_VERSION = 5.0;
				TARGETED_DEVICE_FAMILY = "1,2";
				TEST_TARGET_NAME = SwiftDesignDev;
			};
			name = Release;
		};
/* End XCBuildConfiguration section */

/* Begin XCConfigurationList section */
		D809480E24916746007E4FF7 /* Build configuration list for PBXProject "SwiftDesignDev" */ = {
			isa = XCConfigurationList;
			buildConfigurations = (
				D809483B24916748007E4FF7 /* Debug */,
				D809483C24916748007E4FF7 /* Release */,
			);
			defaultConfigurationIsVisible = 0;
			defaultConfigurationName = Release;
		};
		D809483D24916748007E4FF7 /* Build configuration list for PBXNativeTarget "SwiftDesignDev" */ = {
			isa = XCConfigurationList;
			buildConfigurations = (
				D809483E24916748007E4FF7 /* Debug */,
				D809483F24916748007E4FF7 /* Release */,
			);
			defaultConfigurationIsVisible = 0;
			defaultConfigurationName = Release;
		};
		D809484024916748007E4FF7 /* Build configuration list for PBXNativeTarget "SwiftDesignDevTests" */ = {
			isa = XCConfigurationList;
			buildConfigurations = (
				D809484124916748007E4FF7 /* Debug */,
				D809484224916748007E4FF7 /* Release */,
			);
			defaultConfigurationIsVisible = 0;
			defaultConfigurationName = Release;
		};
		D809484324916748007E4FF7 /* Build configuration list for PBXNativeTarget "SwiftDesignDevUITests" */ = {
			isa = XCConfigurationList;
			buildConfigurations = (
				D809484424916748007E4FF7 /* Debug */,
				D809484524916748007E4FF7 /* Release */,
			);
			defaultConfigurationIsVisible = 0;
			defaultConfigurationName = Release;
		};
/* End XCConfigurationList section */
	};
	rootObject = D809480B24916746007E4FF7 /* Project object */;
}
